<?xml version="1.0" encoding="utf-8"?>
<Project ToolsVersion="4.0" xmlns="http://schemas.microsoft.com/developer/msbuild/2003">
  <ItemGroup>
    <Filter Include="ソース ファイル">
      <UniqueIdentifier>{4FC737F1-C7A5-4376-A066-2A32D752A2FF}</UniqueIdentifier>
      <Extensions>cpp;c;cc;cxx;def;odl;idl;hpj;bat;asm;asmx</Extensions>
    </Filter>
    <Filter Include="ヘッダー ファイル">
      <UniqueIdentifier>{93995380-89BD-4b04-88EB-625FBE52EBFB}</UniqueIdentifier>
      <Extensions>h;hh;hpp;hxx;hm;inl;inc;xsd</Extensions>
    </Filter>
    <Filter Include="リソース ファイル">
      <UniqueIdentifier>{67DA6AB6-F800-4c08-8B7A-83BB121AAD01}</UniqueIdentifier>
      <Extensions>rc;ico;cur;bmp;dlg;rc2;rct;bin;rgs;gif;jpg;jpeg;jpe;resx;tiff;tif;png;wav;mfcribbon-ms</Extensions>
    </Filter>
    <Filter Include="BaseLib">
      <UniqueIdentifier>{aacd470b-f931-4f13-9e59-a11953e95949}</UniqueIdentifier>
    </Filter>
    <Filter Include="BaseLib\Headers">
      <UniqueIdentifier>{b3d4a9c4-dfef-4856-bd08-f48956234a38}</UniqueIdentifier>
    </Filter>
    <Filter Include="BaseLib\Sources">
      <UniqueIdentifier>{e23dcdce-0d8c-4a88-9646-6877385fdf37}</UniqueIdentifier>
    </Filter>
    <Filter Include="シェーダファイル">
      <UniqueIdentifier>{2561122d-957f-4c40-8193-0ef27b9abff2}</UniqueIdentifier>
    </Filter>
  </ItemGroup>
  <ItemGroup>
    <ClInclude Include="resource.h">
      <Filter>ヘッダー ファイル</Filter>
    </ClInclude>
    <ClInclude Include="GameObjects.h">
      <Filter>ヘッダー ファイル</Filter>
    </ClInclude>
    <ClInclude Include="..\..\SimpleLibs\BaseLib\App.h">
      <Filter>BaseLib\Headers</Filter>
    </ClInclude>
    <ClInclude Include="..\..\SimpleLibs\BaseLib\BaseHelper.h">
      <Filter>BaseLib\Headers</Filter>
    </ClInclude>
    <ClInclude Include="..\..\SimpleLibs\BaseLib\DeviceResources.h">
      <Filter>BaseLib\Headers</Filter>
    </ClInclude>
    <ClInclude Include="..\..\SimpleLibs\BaseLib\MathExt.h">
      <Filter>BaseLib\Headers</Filter>
    </ClInclude>
    <ClInclude Include="..\..\SimpleLibs\BaseLib\MathExtEX.h">
      <Filter>BaseLib\Headers</Filter>
    </ClInclude>
    <ClInclude Include="..\..\SimpleLibs\BaseLib\MathVector.h">
      <Filter>BaseLib\Headers</Filter>
    </ClInclude>
    <ClInclude Include="..\..\SimpleLibs\BaseLib\MathVectorEX.h">
      <Filter>BaseLib\Headers</Filter>
    </ClInclude>
    <ClInclude Include="..\..\SimpleLibs\BaseLib\Object.h">
      <Filter>BaseLib\Headers</Filter>
    </ClInclude>
    <ClInclude Include="..\..\SimpleLibs\BaseLib\Prim2D.h">
      <Filter>BaseLib\Headers</Filter>
    </ClInclude>
    <ClInclude Include="..\..\SimpleLibs\BaseLib\Renderer.h">
      <Filter>BaseLib\Headers</Filter>
    </ClInclude>
    <ClInclude Include="..\..\SimpleLibs\BaseLib\Shader.h">
      <Filter>BaseLib\Headers</Filter>
    </ClInclude>
    <ClInclude Include="..\..\SimpleLibs\BaseLib\stdafx.h">
      <Filter>BaseLib\Headers</Filter>
    </ClInclude>
    <ClInclude Include="..\..\SimpleLibs\BaseLib\targetver.h">
      <Filter>BaseLib\Headers</Filter>
    </ClInclude>
    <ClInclude Include="..\..\SimpleLibs\BaseLib\VertexHelper.h">
      <Filter>BaseLib\Headers</Filter>
    </ClInclude>
    <ClInclude Include="..\..\SimpleLibs\BaseLib\TransHelper.h">
      <Filter>BaseLib\Headers</Filter>
    </ClInclude>
    <ClInclude Include="..\..\SimpleLibs\BaseLib\XmlDoc.h">
      <Filter>BaseLib\Headers</Filter>
    </ClInclude>
    <ClInclude Include="GameObject2.h">
      <Filter>ヘッダー ファイル</Filter>
    </ClInclude>
  </ItemGroup>
  <ItemGroup>
    <ClCompile Include="GameObjects.cpp">
      <Filter>ソース ファイル</Filter>
    </ClCompile>
    <ClCompile Include="WinMain.cpp">
      <Filter>ソース ファイル</Filter>
    </ClCompile>
    <ClCompile Include="..\..\SimpleLibs\BaseLib\App.cpp">
      <Filter>BaseLib\Sources</Filter>
    </ClCompile>
    <ClCompile Include="..\..\SimpleLibs\BaseLib\BaseHelper.cpp">
      <Filter>BaseLib\Sources</Filter>
    </ClCompile>
    <ClCompile Include="..\..\SimpleLibs\BaseLib\DeviceResources.cpp">
      <Filter>BaseLib\Sources</Filter>
    </ClCompile>
    <ClCompile Include="..\..\SimpleLibs\BaseLib\Object.cpp">
      <Filter>BaseLib\Sources</Filter>
    </ClCompile>
    <ClCompile Include="..\..\SimpleLibs\BaseLib\Renderer.cpp">
      <Filter>BaseLib\Sources</Filter>
    </ClCompile>
    <ClCompile Include="..\..\SimpleLibs\BaseLib\Shader.cpp">
      <Filter>BaseLib\Sources</Filter>
    </ClCompile>
    <ClCompile Include="..\..\SimpleLibs\BaseLib\stdafx.cpp">
      <Filter>BaseLib\Sources</Filter>
    </ClCompile>
    <ClCompile Include="..\..\SimpleLibs\BaseLib\VertexHelper.cpp">
      <Filter>BaseLib\Sources</Filter>
    </ClCompile>
    <ClCompile Include="..\..\SimpleLibs\BaseLib\XmlDoc.cpp">
      <Filter>BaseLib\Sources</Filter>
    </ClCompile>
    <ClCompile Include="GameObject2.cpp">
      <Filter>ソース ファイル</Filter>
    </ClCompile>
  </ItemGroup>
  <ItemGroup>
    <ResourceCompile Include="DxBase2015Simple.rc">
      <Filter>リソース ファイル</Filter>
    </ResourceCompile>
  </ItemGroup>
  <ItemGroup>
    <Image Include="icon1.ico">
      <Filter>リソース ファイル</Filter>
    </Image>
  </ItemGroup>
  <ItemGroup>
    <FxCompile Include="Shaders\PSTextureColor3D.hlsl">
      <Filter>シェーダファイル</Filter>
    </FxCompile>
    <FxCompile Include="Shaders\VSTextureColor3D.hlsl">
      <Filter>シェーダファイル</Filter>
    </FxCompile>
    <FxCompile Include="Shaders\PSTexture3D.hlsl">
      <Filter>シェーダファイル</Filter>
    </FxCompile>
    <FxCompile Include="Shaders\VSTexture3D.hlsl">
      <Filter>シェーダファイル</Filter>
    </FxCompile>
  </ItemGroup>
  <ItemGroup>
    <None Include="Shaders\PRTextureColor3D.hlsli">
      <Filter>シェーダファイル</Filter>
    </None>
    <None Include="Shaders\PRTexture3D.hlsli">
      <Filter>シェーダファイル</Filter>
    </None>
  </ItemGroup>
</Project>