<?xml version="1.0" encoding="utf-8"?>
<Project ToolsVersion="4.0" xmlns="http://schemas.microsoft.com/developer/msbuild/2003">
  <ItemGroup>
    <Filter Include="ソース ファイル">
      <UniqueIdentifier>{4FC737F1-C7A5-4376-A066-2A32D752A2FF}</UniqueIdentifier>
      <Extensions>cpp;c;cc;cxx;def;odl;idl;hpj;bat;asm;asmx</Extensions>
    </Filter>
    <Filter Include="ヘッダー ファイル">
      <UniqueIdentifier>{93995380-89BD-4b04-88EB-625FBE52EBFB}</UniqueIdentifier>
      <Extensions>h;hh;hpp;hxx;hm;inl;inc;xsd</Extensions>
    </Filter>
    <Filter Include="リソース ファイル">
      <UniqueIdentifier>{67DA6AB6-F800-4c08-8B7A-83BB121AAD01}</UniqueIdentifier>
      <Extensions>rc;ico;cur;bmp;dlg;rc2;rct;bin;rgs;gif;jpg;jpeg;jpe;resx;tiff;tif;png;wav;mfcribbon-ms</Extensions>
    </Filter>
    <Filter Include="BaseLib">
      <UniqueIdentifier>{4d1a836a-204b-4c91-9ff1-beae4d387aee}</UniqueIdentifier>
    </Filter>
    <Filter Include="BaseLib\Headers">
      <UniqueIdentifier>{17da30cc-cc89-4bda-a5e6-5371d0504d77}</UniqueIdentifier>
    </Filter>
    <Filter Include="BaseLib\Shaders">
      <UniqueIdentifier>{13193660-479a-48d7-a099-88f60dbd167e}</UniqueIdentifier>
    </Filter>
    <Filter Include="BaseLib\Sources">
      <UniqueIdentifier>{06660450-13ad-4187-95f3-70f101c1d893}</UniqueIdentifier>
    </Filter>
    <Filter Include="シェーダファイル">
      <UniqueIdentifier>{219636a7-bec0-432d-a45b-112523c647af}</UniqueIdentifier>
    </Filter>
  </ItemGroup>
  <ItemGroup>
    <ClInclude Include="resource.h">
      <Filter>ヘッダー ファイル</Filter>
    </ClInclude>
    <ClInclude Include="Scene.h">
      <Filter>ヘッダー ファイル</Filter>
    </ClInclude>
    <ClInclude Include="Project.h">
      <Filter>ヘッダー ファイル</Filter>
    </ClInclude>
    <ClInclude Include="Player.h">
      <Filter>ヘッダー ファイル</Filter>
    </ClInclude>
    <ClInclude Include="GameStage.h">
      <Filter>ヘッダー ファイル</Filter>
    </ClInclude>
    <ClInclude Include="Character.h">
      <Filter>ヘッダー ファイル</Filter>
    </ClInclude>
    <ClInclude Include="..\..\Libs\BaseLib\XmlDoc.h">
      <Filter>BaseLib\Headers</Filter>
    </ClInclude>
    <ClInclude Include="..\..\Libs\BaseLib\VertexHelper.h">
      <Filter>BaseLib\Headers</Filter>
    </ClInclude>
    <ClInclude Include="..\..\Libs\BaseLib\TransHelper.h">
      <Filter>BaseLib\Headers</Filter>
    </ClInclude>
    <ClInclude Include="..\..\Libs\BaseLib\targetver.h">
      <Filter>BaseLib\Headers</Filter>
    </ClInclude>
    <ClInclude Include="..\..\Libs\BaseLib\Steering.h">
      <Filter>BaseLib\Headers</Filter>
    </ClInclude>
    <ClInclude Include="..\..\Libs\BaseLib\stdafx.h">
      <Filter>BaseLib\Headers</Filter>
    </ClInclude>
    <ClInclude Include="..\..\Libs\BaseLib\StateMachine.h">
      <Filter>BaseLib\Headers</Filter>
    </ClInclude>
    <ClInclude Include="..\..\Libs\BaseLib\SpriteStudio5.h">
      <Filter>BaseLib\Headers</Filter>
    </ClInclude>
    <ClInclude Include="..\..\Libs\BaseLib\SpriteComponents.h">
      <Filter>BaseLib\Headers</Filter>
    </ClInclude>
    <ClInclude Include="..\..\Libs\BaseLib\ShaderBasic.h">
      <Filter>BaseLib\Headers</Filter>
    </ClInclude>
    <ClInclude Include="..\..\Libs\BaseLib\Shader.h">
      <Filter>BaseLib\Headers</Filter>
    </ClInclude>
    <ClInclude Include="..\..\Libs\BaseLib\SceneBase.h">
      <Filter>BaseLib\Headers</Filter>
    </ClInclude>
    <ClInclude Include="..\..\Libs\BaseLib\Rigidbody.h">
      <Filter>BaseLib\Headers</Filter>
    </ClInclude>
    <ClInclude Include="..\..\Libs\BaseLib\Renderer.h">
      <Filter>BaseLib\Headers</Filter>
    </ClInclude>
    <ClInclude Include="..\..\Libs\BaseLib\Prim2D.h">
      <Filter>BaseLib\Headers</Filter>
    </ClInclude>
    <ClInclude Include="..\..\Libs\BaseLib\Object.h">
      <Filter>BaseLib\Headers</Filter>
    </ClInclude>
    <ClInclude Include="..\..\Libs\BaseLib\MathVectorEX.h">
      <Filter>BaseLib\Headers</Filter>
    </ClInclude>
    <ClInclude Include="..\..\Libs\BaseLib\MathVector.h">
      <Filter>BaseLib\Headers</Filter>
    </ClInclude>
    <ClInclude Include="..\..\Libs\BaseLib\MathExtEX.h">
      <Filter>BaseLib\Headers</Filter>
    </ClInclude>
    <ClInclude Include="..\..\Libs\BaseLib\MathExt.h">
      <Filter>BaseLib\Headers</Filter>
    </ClInclude>
    <ClInclude Include="..\..\Libs\BaseLib\DrawComponents.h">
      <Filter>BaseLib\Headers</Filter>
    </ClInclude>
    <ClInclude Include="..\..\Libs\BaseLib\DeviceResources.h">
      <Filter>BaseLib\Headers</Filter>
    </ClInclude>
    <ClInclude Include="..\..\Libs\BaseLib\Components.h">
      <Filter>BaseLib\Headers</Filter>
    </ClInclude>
    <ClInclude Include="..\..\Libs\BaseLib\BaseResource.h">
      <Filter>BaseLib\Headers</Filter>
    </ClInclude>
    <ClInclude Include="..\..\Libs\BaseLib\BaseHelper.h">
      <Filter>BaseLib\Headers</Filter>
    </ClInclude>
    <ClInclude Include="..\..\Libs\BaseLib\App.h">
      <Filter>BaseLib\Headers</Filter>
    </ClInclude>
    <ClInclude Include="..\..\Libs\BaseLib\HttpForm.h">
      <Filter>BaseLib\Headers</Filter>
    </ClInclude>
  </ItemGroup>
  <ItemGroup>
    <ResourceCompile Include="DxBase2015Desktop.rc">
      <Filter>リソース ファイル</Filter>
    </ResourceCompile>
  </ItemGroup>
  <ItemGroup>
    <Image Include="icon1.ico">
      <Filter>リソース ファイル</Filter>
    </Image>
  </ItemGroup>
  <ItemGroup>
    <ClCompile Include="Character.cpp">
      <Filter>ソース ファイル</Filter>
    </ClCompile>
    <ClCompile Include="GameStage.cpp">
      <Filter>ソース ファイル</Filter>
    </ClCompile>
    <ClCompile Include="Player.cpp">
      <Filter>ソース ファイル</Filter>
    </ClCompile>
    <ClCompile Include="Scene.cpp">
      <Filter>ソース ファイル</Filter>
    </ClCompile>
    <ClCompile Include="WinMain.cpp">
      <Filter>ソース ファイル</Filter>
    </ClCompile>
    <ClCompile Include="..\..\Libs\BaseLib\App.cpp">
      <Filter>BaseLib\Sources</Filter>
    </ClCompile>
    <ClCompile Include="..\..\Libs\BaseLib\BaseHelper.cpp">
      <Filter>BaseLib\Sources</Filter>
    </ClCompile>
    <ClCompile Include="..\..\Libs\BaseLib\BaseResource.cpp">
      <Filter>BaseLib\Sources</Filter>
    </ClCompile>
    <ClCompile Include="..\..\Libs\BaseLib\Components.cpp">
      <Filter>BaseLib\Sources</Filter>
    </ClCompile>
    <ClCompile Include="..\..\Libs\BaseLib\DeviceResources.cpp">
      <Filter>BaseLib\Sources</Filter>
    </ClCompile>
    <ClCompile Include="..\..\Libs\BaseLib\DrawComponents.cpp">
      <Filter>BaseLib\Sources</Filter>
    </ClCompile>
    <ClCompile Include="..\..\Libs\BaseLib\Object.cpp">
      <Filter>BaseLib\Sources</Filter>
    </ClCompile>
    <ClCompile Include="..\..\Libs\BaseLib\Renderer.cpp">
      <Filter>BaseLib\Sources</Filter>
    </ClCompile>
    <ClCompile Include="..\..\Libs\BaseLib\Rigidbody.cpp">
      <Filter>BaseLib\Sources</Filter>
    </ClCompile>
    <ClCompile Include="..\..\Libs\BaseLib\SceneBase.cpp">
      <Filter>BaseLib\Sources</Filter>
    </ClCompile>
    <ClCompile Include="..\..\Libs\BaseLib\Shader.cpp">
      <Filter>BaseLib\Sources</Filter>
    </ClCompile>
    <ClCompile Include="..\..\Libs\BaseLib\ShaderBasic.cpp">
      <Filter>BaseLib\Sources</Filter>
    </ClCompile>
    <ClCompile Include="..\..\Libs\BaseLib\SpriteComponents.cpp">
      <Filter>BaseLib\Sources</Filter>
    </ClCompile>
    <ClCompile Include="..\..\Libs\BaseLib\SpriteStudio5.cpp">
      <Filter>BaseLib\Sources</Filter>
    </ClCompile>
    <ClCompile Include="..\..\Libs\BaseLib\StateMachine.cpp">
      <Filter>BaseLib\Sources</Filter>
    </ClCompile>
    <ClCompile Include="..\..\Libs\BaseLib\stdafx.cpp">
      <Filter>BaseLib\Sources</Filter>
    </ClCompile>
    <ClCompile Include="..\..\Libs\BaseLib\Steering.cpp">
      <Filter>BaseLib\Sources</Filter>
    </ClCompile>
    <ClCompile Include="..\..\Libs\BaseLib\VertexHelper.cpp">
      <Filter>BaseLib\Sources</Filter>
    </ClCompile>
    <ClCompile Include="..\..\Libs\BaseLib\XmlDoc.cpp">
      <Filter>BaseLib\Sources</Filter>
    </ClCompile>
    <ClCompile Include="..\..\Libs\BaseLib\HttpForm.cpp">
      <Filter>BaseLib\Sources</Filter>
    </ClCompile>
  </ItemGroup>
  <ItemGroup>
    <None Include="..\..\Libs\BaseLib\Shaders\BasicBoneParameters.hlsli">
      <Filter>BaseLib\Shaders</Filter>
    </None>
    <None Include="..\..\Libs\BaseLib\Shaders\BasicParameters.hlsli">
      <Filter>BaseLib\Shaders</Filter>
    </None>
    <None Include="..\..\Libs\BaseLib\Shaders\Common.hlsli">
      <Filter>BaseLib\Shaders</Filter>
    </None>
    <None Include="..\..\Libs\BaseLib\Shaders\Lighting.hlsli">
      <Filter>BaseLib\Shaders</Filter>
    </None>
    <None Include="..\..\Libs\BaseLib\Shaders\PRSimple.hlsli">
      <Filter>BaseLib\Shaders</Filter>
    </None>
    <None Include="..\..\Libs\BaseLib\Shaders\ShadowmapParameters.hlsli">
      <Filter>BaseLib\Shaders</Filter>
    </None>
    <None Include="..\..\Libs\BaseLib\Shaders\Structures.hlsli">
      <Filter>BaseLib\Shaders</Filter>
    </None>
    <None Include="Shaders\InstanceInc.hlsli">
      <Filter>シェーダファイル</Filter>
    </None>
  </ItemGroup>
  <ItemGroup>
    <FxCompile Include="..\..\Libs\BaseLib\Shaders\PSBasicPNT.hlsl">
      <Filter>BaseLib\Shaders</Filter>
    </FxCompile>
    <FxCompile Include="..\..\Libs\BaseLib\Shaders\PSBasicPNT2.hlsl">
      <Filter>BaseLib\Shaders</Filter>
    </FxCompile>
    <FxCompile Include="..\..\Libs\BaseLib\Shaders\PSBasicPNTBone.hlsl">
      <Filter>BaseLib\Shaders</Filter>
    </FxCompile>
    <FxCompile Include="..\..\Libs\BaseLib\Shaders\PSBasicPNTBone2.hlsl">
      <Filter>BaseLib\Shaders</Filter>
    </FxCompile>
    <FxCompile Include="..\..\Libs\BaseLib\Shaders\PSSimpleDirect.hlsl">
      <Filter>BaseLib\Shaders</Filter>
    </FxCompile>
    <FxCompile Include="..\..\Libs\BaseLib\Shaders\PSSimplePNT.hlsl">
      <Filter>BaseLib\Shaders</Filter>
    </FxCompile>
    <FxCompile Include="..\..\Libs\BaseLib\Shaders\PSSimplePNT2.hlsl">
      <Filter>BaseLib\Shaders</Filter>
    </FxCompile>
    <FxCompile Include="..\..\Libs\BaseLib\Shaders\PSSpritePCT.hlsl">
      <Filter>BaseLib\Shaders</Filter>
    </FxCompile>
    <FxCompile Include="..\..\Libs\BaseLib\Shaders\VSBasicPNT.hlsl">
      <Filter>BaseLib\Shaders</Filter>
    </FxCompile>
    <FxCompile Include="..\..\Libs\BaseLib\Shaders\VSBasicPNTBone.hlsl">
      <Filter>BaseLib\Shaders</Filter>
    </FxCompile>
    <FxCompile Include="..\..\Libs\BaseLib\Shaders\VSShadowmap.hlsl">
      <Filter>BaseLib\Shaders</Filter>
    </FxCompile>
    <FxCompile Include="..\..\Libs\BaseLib\Shaders\VSShadowmapBone.hlsl">
      <Filter>BaseLib\Shaders</Filter>
    </FxCompile>
    <FxCompile Include="..\..\Libs\BaseLib\Shaders\VSSimpleDirect.hlsl">
      <Filter>BaseLib\Shaders</Filter>
    </FxCompile>
    <FxCompile Include="..\..\Libs\BaseLib\Shaders\VSSimplePNT.hlsl">
      <Filter>BaseLib\Shaders</Filter>
    </FxCompile>
    <FxCompile Include="..\..\Libs\BaseLib\Shaders\VSSpritePCT.hlsl">
      <Filter>BaseLib\Shaders</Filter>
    </FxCompile>
    <FxCompile Include="Shaders\PSInstance.hlsl">
      <Filter>シェーダファイル</Filter>
    </FxCompile>
    <FxCompile Include="Shaders\VSInstance.hlsl">
      <Filter>シェーダファイル</Filter>
    </FxCompile>
    <FxCompile Include="Shaders\VSInstanceShadowmap.hlsl">
      <Filter>シェーダファイル</Filter>
    </FxCompile>
  </ItemGroup>
</Project>