
Microsoft Visual Studio Solution File, Format Version 12.00
# Visual Studio 2013
VisualStudioVersion = 12.0.21005.1
MinimumVisualStudioVersion = 10.0.40219.1
Project("{8BC9CEB8-8B4A-11D0-8D11-00A0C91BC942}") = "Fbx2Bin", "Fbx2Bin\Fbx2Bin.vcxproj", "{2EC1A6DA-6503-43A7-BA67-DDF39BE7FF58}"
	ProjectSection(ProjectDependencies) = postProject
		{371B9FA9-4C90-4AC6-A123-ACED756D6C77} = {371B9FA9-4C90-4AC6-A123-ACED756D6C77}
	EndProjectSection
EndProject
Project("{8BC9CEB8-8B4A-11D0-8D11-00A0C91BC942}") = "DirectXTex", "..\Libs\DirectXTX\DirectXTex_Desktop_2013.vcxproj", "{371B9FA9-4C90-4AC6-A123-ACED756D6C77}"
EndProject
Global
	GlobalSection(SolutionConfigurationPlatforms) = preSolution
		Debug|Win32 = Debug|Win32
		Debug|x64 = Debug|x64
		Profile|Win32 = Profile|Win32
		Profile|x64 = Profile|x64
		Release|Win32 = Release|Win32
		Release|x64 = Release|x64
	EndGlobalSection
	GlobalSection(ProjectConfigurationPlatforms) = postSolution
		{2EC1A6DA-6503-43A7-BA67-DDF39BE7FF58}.Debug|Win32.ActiveCfg = Debug|Win32
		{2EC1A6DA-6503-43A7-BA67-DDF39BE7FF58}.Debug|Win32.Build.0 = Debug|Win32
		{2EC1A6DA-6503-43A7-BA67-DDF39BE7FF58}.Debug|x64.ActiveCfg = Debug|Win32
		{2EC1A6DA-6503-43A7-BA67-DDF39BE7FF58}.Profile|Win32.ActiveCfg = Release|Win32
		{2EC1A6DA-6503-43A7-BA67-DDF39BE7FF58}.Profile|Win32.Build.0 = Release|Win32
		{2EC1A6DA-6503-43A7-BA67-DDF39BE7FF58}.Profile|x64.ActiveCfg = Release|Win32
		{2EC1A6DA-6503-43A7-BA67-DDF39BE7FF58}.Release|Win32.ActiveCfg = Release|Win32
		{2EC1A6DA-6503-43A7-BA67-DDF39BE7FF58}.Release|Win32.Build.0 = Release|Win32
		{2EC1A6DA-6503-43A7-BA67-DDF39BE7FF58}.Release|x64.ActiveCfg = Release|Win32
		{371B9FA9-4C90-4AC6-A123-ACED756D6C77}.Debug|Win32.ActiveCfg = Debug|Win32
		{371B9FA9-4C90-4AC6-A123-ACED756D6C77}.Debug|Win32.Build.0 = Debug|Win32
		{371B9FA9-4C90-4AC6-A123-ACED756D6C77}.Debug|x64.ActiveCfg = Debug|x64
		{371B9FA9-4C90-4AC6-A123-ACED756D6C77}.Debug|x64.Build.0 = Debug|x64
		{371B9FA9-4C90-4AC6-A123-ACED756D6C77}.Profile|Win32.ActiveCfg = Profile|Win32
		{371B9FA9-4C90-4AC6-A123-ACED756D6C77}.Profile|Win32.Build.0 = Profile|Win32
		{371B9FA9-4C90-4AC6-A123-ACED756D6C77}.Profile|x64.ActiveCfg = Profile|x64
		{371B9FA9-4C90-4AC6-A123-ACED756D6C77}.Profile|x64.Build.0 = Profile|x64
		{371B9FA9-4C90-4AC6-A123-ACED756D6C77}.Release|Win32.ActiveCfg = Release|Win32
		{371B9FA9-4C90-4AC6-A123-ACED756D6C77}.Release|Win32.Build.0 = Release|Win32
		{371B9FA9-4C90-4AC6-A123-ACED756D6C77}.Release|x64.ActiveCfg = Release|x64
		{371B9FA9-4C90-4AC6-A123-ACED756D6C77}.Release|x64.Build.0 = Release|x64
	EndGlobalSection
	GlobalSection(SolutionProperties) = preSolution
		HideSolutionNode = FALSE
	EndGlobalSection
EndGlobal
